
Microsoft Visual Studio Solution File, Format Version 12.00
# Visual Studio Version 17
VisualStudioVersion = 17.0.32112.339
MinimumVisualStudioVersion = 10.0.40219.1
Project("{FAE04EC0-301F-11D3-BF4B-00C04F79EFBC}") = "Exercices", "Exercices.csproj", "{F5974BEF-6DF5-4330-9ED5-0F3E1FE59D7B}"
EndProject
Global
	GlobalSection(SolutionConfigurationPlatforms) = preSolution
		Debug|Any CPU = Debug|Any CPU
		Release|Any CPU = Release|Any CPU
	EndGlobalSection
	GlobalSection(ProjectConfigurationPlatforms) = postSolution
		{F5974BEF-6DF5-4330-9ED5-0F3E1FE59D7B}.Debug|Any CPU.ActiveCfg = Debug|Any CPU
		{F5974BEF-6DF5-4330-9ED5-0F3E1FE59D7B}.Debug|Any CPU.Build.0 = Debug|Any CPU
		{F5974BEF-6DF5-4330-9ED5-0F3E1FE59D7B}.Release|Any CPU.ActiveCfg = Release|Any CPU
		{F5974BEF-6DF5-4330-9ED5-0F3E1FE59D7B}.Release|Any CPU.Build.0 = Release|Any CPU
	EndGlobalSection
	GlobalSection(SolutionProperties) = preSolution
		HideSolutionNode = FALSE
	EndGlobalSection
	GlobalSection(ExtensibilityGlobals) = postSolution
		SolutionGuid = {2DCB1A51-DF11-4C47-9DB4-F87E564763E6}
	EndGlobalSection
EndGlobal
